// !$*UTF8*$!
{
	archiveVersion = 1;
	classes = {
	};
	objectVersion = 51;
	objects = {

/* Begin PBXBuildFile section */
		C95664812459BD1900838B4A /* AppDelegate.swift in Sources */ = {isa = PBXBuildFile; fileRef = C95664802459BD1900838B4A /* AppDelegate.swift */; };
		C95664832459BD1900838B4A /* SceneDelegate.swift in Sources */ = {isa = PBXBuildFile; fileRef = C95664822459BD1900838B4A /* SceneDelegate.swift */; };
		C95664852459BD1900838B4A /* HomeController.swift in Sources */ = {isa = PBXBuildFile; fileRef = C95664842459BD1900838B4A /* HomeController.swift */; };
		C956648A2459BD1D00838B4A /* Assets.xcassets in Resources */ = {isa = PBXBuildFile; fileRef = C95664892459BD1D00838B4A /* Assets.xcassets */; };
		C956648D2459BD1D00838B4A /* LaunchScreen.storyboard in Resources */ = {isa = PBXBuildFile; fileRef = C956648B2459BD1D00838B4A /* LaunchScreen.storyboard */; };
		E99BA45161088B39EC05BD4B /* Pods_PromiseKitExample.framework in Frameworks */ = {isa = PBXBuildFile; fileRef = F7440D24AC78758E7652A489 /* Pods_PromiseKitExample.framework */; };
/* End PBXBuildFile section */

/* Begin PBXFileReference section */
		141BD5086C90FD1E7F54C93F /* Pods-PromiseKitExample.debug.xcconfig */ = {isa = PBXFileReference; includeInIndex = 1; lastKnownFileType = text.xcconfig; name = "Pods-PromiseKitExample.debug.xcconfig"; path = "Target Support Files/Pods-PromiseKitExample/Pods-PromiseKitExample.debug.xcconfig"; sourceTree = "<group>"; };
		AA904969A7E45947CE9EEA8E /* Pods-PromiseKitExample.release.xcconfig */ = {isa = PBXFileReference; includeInIndex = 1; lastKnownFileType = text.xcconfig; name = "Pods-PromiseKitExample.release.xcconfig"; path = "Target Support Files/Pods-PromiseKitExample/Pods-PromiseKitExample.release.xcconfig"; sourceTree = "<group>"; };
		C956647D2459BD1900838B4A /* PromiseKitExample.app */ = {isa = PBXFileReference; explicitFileType = wrapper.application; includeInIndex = 0; path = PromiseKitExample.app; sourceTree = BUILT_PRODUCTS_DIR; };
		C95664802459BD1900838B4A /* AppDelegate.swift */ = {isa = PBXFileReference; lastKnownFileType = sourcecode.swift; path = AppDelegate.swift; sourceTree = "<group>"; };
		C95664822459BD1900838B4A /* SceneDelegate.swift */ = {isa = PBXFileReference; lastKnownFileType = sourcecode.swift; path = SceneDelegate.swift; sourceTree = "<group>"; };
		C95664842459BD1900838B4A /* HomeController.swift */ = {isa = PBXFileReference; lastKnownFileType = sourcecode.swift; path = HomeController.swift; sourceTree = "<group>"; };
		C95664892459BD1D00838B4A /* Assets.xcassets */ = {isa = PBXFileReference; lastKnownFileType = folder.assetcatalog; path = Assets.xcassets; sourceTree = "<group>"; };
		C956648C2459BD1D00838B4A /* Base */ = {isa = PBXFileReference; lastKnownFileType = file.storyboard; name = Base; path = Base.lproj/LaunchScreen.storyboard; sourceTree = "<group>"; };
		C956648E2459BD1D00838B4A /* Info.plist */ = {isa = PBXFileReference; lastKnownFileType = text.plist.xml; path = Info.plist; sourceTree = "<group>"; };
		F7440D24AC78758E7652A489 /* Pods_PromiseKitExample.framework */ = {isa = PBXFileReference; explicitFileType = wrapper.framework; includeInIndex = 0; path = Pods_PromiseKitExample.framework; sourceTree = BUILT_PRODUCTS_DIR; };
/* End PBXFileReference section */

/* Begin PBXFrameworksBuildPhase section */
		C956647A2459BD1900838B4A /* Frameworks */ = {
			isa = PBXFrameworksBuildPhase;
			buildActionMask = 2147483647;
			files = (
				E99BA45161088B39EC05BD4B /* Pods_PromiseKitExample.framework in Frameworks */,
			);
			runOnlyForDeploymentPostprocessing = 0;
		};
/* End PBXFrameworksBuildPhase section */

/* Begin PBXGroup section */
		41A3B814BA93DBDA45CD3791 /* Pods */ = {
			isa = PBXGroup;
			children = (
				141BD5086C90FD1E7F54C93F /* Pods-PromiseKitExample.debug.xcconfig */,
				AA904969A7E45947CE9EEA8E /* Pods-PromiseKitExample.release.xcconfig */,
			);
			path = Pods;
			sourceTree = "<group>";
		};
		77705B1A292A8C4C51A1D0AC /* Frameworks */ = {
			isa = PBXGroup;
			children = (
				F7440D24AC78758E7652A489 /* Pods_PromiseKitExample.framework */,
			);
			name = Frameworks;
			sourceTree = "<group>";
		};
		C95664742459BD1900838B4A = {
			isa = PBXGroup;
			children = (
				C956647F2459BD1900838B4A /* PromiseKitExample */,
				C956647E2459BD1900838B4A /* Products */,
				41A3B814BA93DBDA45CD3791 /* Pods */,
				77705B1A292A8C4C51A1D0AC /* Frameworks */,
			);
			sourceTree = "<group>";
		};
		C956647E2459BD1900838B4A /* Products */ = {
			isa = PBXGroup;
			children = (
				C956647D2459BD1900838B4A /* PromiseKitExample.app */,
			);
			name = Products;
			sourceTree = "<group>";
		};
		C956647F2459BD1900838B4A /* PromiseKitExample */ = {
			isa = PBXGroup;
			children = (
				C9E79DA92459BDA40095DB69 /* Sources */,
				C9E79DA82459BD9E0095DB69 /* Supports */,
				C9E79DA72459BD980095DB69 /* UI */,
			);
			path = PromiseKitExample;
			sourceTree = "<group>";
		};
		C9E79DA72459BD980095DB69 /* UI */ = {
			isa = PBXGroup;
			children = (
				C95664842459BD1900838B4A /* HomeController.swift */,
			);
			path = UI;
			sourceTree = "<group>";
		};
		C9E79DA82459BD9E0095DB69 /* Supports */ = {
			isa = PBXGroup;
			children = (
				C95664802459BD1900838B4A /* AppDelegate.swift */,
				C956648E2459BD1D00838B4A /* Info.plist */,
				C95664822459BD1900838B4A /* SceneDelegate.swift */,
			);
			path = Supports;
			sourceTree = "<group>";
		};
		C9E79DA92459BDA40095DB69 /* Sources */ = {
			isa = PBXGroup;
			children = (
				C95664892459BD1D00838B4A /* Assets.xcassets */,
				C956648B2459BD1D00838B4A /* LaunchScreen.storyboard */,
			);
			path = Sources;
			sourceTree = "<group>";
		};
/* End PBXGroup section */

/* Begin PBXNativeTarget section */
		C956647C2459BD1900838B4A /* PromiseKitExample */ = {
			isa = PBXNativeTarget;
			buildConfigurationList = C95664912459BD1D00838B4A /* Build configuration list for PBXNativeTarget "PromiseKitExample" */;
			buildPhases = (
				52D0C556B3C948B653C2DF9B /* [CP] Check Pods Manifest.lock */,
				C95664792459BD1900838B4A /* Sources */,
				C956647A2459BD1900838B4A /* Frameworks */,
				C956647B2459BD1900838B4A /* Resources */,
				77728CCD781B099D04E24C43 /* [CP] Embed Pods Frameworks */,
			);
			buildRules = (
			);
			dependencies = (
			);
			name = PromiseKitExample;
			productName = PromiseKitExample;
			productReference = C956647D2459BD1900838B4A /* PromiseKitExample.app */;
			productType = "com.apple.product-type.application";
		};
/* End PBXNativeTarget section */

/* Begin PBXProject section */
		C95664752459BD1900838B4A /* Project object */ = {
			isa = PBXProject;
			attributes = {
				LastSwiftUpdateCheck = 1140;
				LastUpgradeCheck = 1140;
				ORGANIZATIONNAME = "Yusuf Demirci";
				TargetAttributes = {
					C956647C2459BD1900838B4A = {
						CreatedOnToolsVersion = 11.4.1;
					};
				};
			};
			buildConfigurationList = C95664782459BD1900838B4A /* Build configuration list for PBXProject "PromiseKitExample" */;
			compatibilityVersion = "Xcode 9.3";
			developmentRegion = en;
			hasScannedForEncodings = 0;
			knownRegions = (
				en,
				Base,
			);
			mainGroup = C95664742459BD1900838B4A;
			productRefGroup = C956647E2459BD1900838B4A /* Products */;
			projectDirPath = "";
			projectRoot = "";
			targets = (
				C956647C2459BD1900838B4A /* PromiseKitExample */,
			);
		};
/* End PBXProject section */

/* Begin PBXResourcesBuildPhase section */
		C956647B2459BD1900838B4A /* Resources */ = {
			isa = PBXResourcesBuildPhase;
			buildActionMask = 2147483647;
			files = (
				C956648D2459BD1D00838B4A /* LaunchScreen.storyboard in Resources */,
				C956648A2459BD1D00838B4A /* Assets.xcassets in Resources */,
			);
			runOnlyForDeploymentPostprocessing = 0;
		};
/* End PBXResourcesBuildPhase section */

/* Begin PBXShellScriptBuildPhase section */
		52D0C556B3C948B653C2DF9B /* [CP] Check Pods Manifest.lock */ = {
			isa = PBXShellScriptBuildPhase;
			buildActionMask = 2147483647;
			files = (
			);
			inputFileListPaths = (
			);
			inputPaths = (
				"${PODS_PODFILE_DIR_PATH}/Podfile.lock",
				"${PODS_ROOT}/Manifest.lock",
			);
			name = "[CP] Check Pods Manifest.lock";
			outputFileListPaths = (
			);
			outputPaths = (
				"$(DERIVED_FILE_DIR)/Pods-PromiseKitExample-checkManifestLockResult.txt",
			);
			runOnlyForDeploymentPostprocessing = 0;
			shellPath = /bin/sh;
			shellScript = "diff \"${PODS_PODFILE_DIR_PATH}/Podfile.lock\" \"${PODS_ROOT}/Manifest.lock\" > /dev/null\nif [ $? != 0 ] ; then\n    # print error to STDERR\n    echo \"error: The sandbox is not in sync with the Podfile.lock. Run 'pod install' or update your CocoaPods installation.\" >&2\n    exit 1\nfi\n# This output is used by Xcode 'outputs' to avoid re-running this script phase.\necho \"SUCCESS\" > \"${SCRIPT_OUTPUT_FILE_0}\"\n";
			showEnvVarsInLog = 0;
		};
		77728CCD781B099D04E24C43 /* [CP] Embed Pods Frameworks */ = {
			isa = PBXShellScriptBuildPhase;
			buildActionMask = 2147483647;
			files = (
			);
			inputFileListPaths = (
				"${PODS_ROOT}/Target Support Files/Pods-PromiseKitExample/Pods-PromiseKitExample-frameworks-${CONFIGURATION}-input-files.xcfilelist",
			);
			name = "[CP] Embed Pods Frameworks";
			outputFileListPaths = (
				"${PODS_ROOT}/Target Support Files/Pods-PromiseKitExample/Pods-PromiseKitExample-frameworks-${CONFIGURATION}-output-files.xcfilelist",
			);
			runOnlyForDeploymentPostprocessing = 0;
			shellPath = /bin/sh;
			shellScript = "\"${PODS_ROOT}/Target Support Files/Pods-PromiseKitExample/Pods-PromiseKitExample-frameworks.sh\"\n";
			showEnvVarsInLog = 0;
		};
/* End PBXShellScriptBuildPhase section */

/* Begin PBXSourcesBuildPhase section */
		C95664792459BD1900838B4A /* Sources */ = {
			isa = PBXSourcesBuildPhase;
			buildActionMask = 2147483647;
			files = (
				C95664852459BD1900838B4A /* HomeController.swift in Sources */,
				C95664812459BD1900838B4A /* AppDelegate.swift in Sources */,
				C95664832459BD1900838B4A /* SceneDelegate.swift in Sources */,
			);
			runOnlyForDeploymentPostprocessing = 0;
		};
/* End PBXSourcesBuildPhase section */

/* Begin PBXVariantGroup section */
		C956648B2459BD1D00838B4A /* LaunchScreen.storyboard */ = {
			isa = PBXVariantGroup;
			children = (
				C956648C2459BD1D00838B4A /* Base */,
			);
			name = LaunchScreen.storyboard;
			sourceTree = "<group>";
		};
/* End PBXVariantGroup section */

/* Begin XCBuildConfiguration section */
		C956648F2459BD1D00838B4A /* Debug */ = {
			isa = XCBuildConfiguration;
			buildSettings = {
				ALWAYS_SEARCH_USER_PATHS = NO;
				CLANG_ANALYZER_NONNULL = YES;
				CLANG_ANALYZER_NUMBER_OBJECT_CONVERSION = YES_AGGRESSIVE;
				CLANG_CXX_LANGUAGE_STANDARD = "gnu++14";
				CLANG_CXX_LIBRARY = "libc++";
				CLANG_ENABLE_MODULES = YES;
				CLANG_ENABLE_OBJC_ARC = YES;
				CLANG_ENABLE_OBJC_WEAK = YES;
				CLANG_WARN_BLOCK_CAPTURE_AUTORELEASING = YES;
				CLANG_WARN_BOOL_CONVERSION = YES;
				CLANG_WARN_COMMA = YES;
				CLANG_WARN_CONSTANT_CONVERSION = YES;
				CLANG_WARN_DEPRECATED_OBJC_IMPLEMENTATIONS = YES;
				CLANG_WARN_DIRECT_OBJC_ISA_USAGE = YES_ERROR;
				CLANG_WARN_DOCUMENTATION_COMMENTS = YES;
				CLANG_WARN_EMPTY_BODY = YES;
				CLANG_WARN_ENUM_CONVERSION = YES;
				CLANG_WARN_INFINITE_RECURSION = YES;
				CLANG_WARN_INT_CONVERSION = YES;
				CLANG_WARN_NON_LITERAL_NULL_CONVERSION = YES;
				CLANG_WARN_OBJC_IMPLICIT_RETAIN_SELF = YES;
				CLANG_WARN_OBJC_LITERAL_CONVERSION = YES;
				CLANG_WARN_OBJC_ROOT_CLASS = YES_ERROR;
				CLANG_WARN_RANGE_LOOP_ANALYSIS = YES;
				CLANG_WARN_STRICT_PROTOTYPES = YES;
				CLANG_WARN_SUSPICIOUS_MOVE = YES;
				CLANG_WARN_UNGUARDED_AVAILABILITY = YES_AGGRESSIVE;
				CLANG_WARN_UNREACHABLE_CODE = YES;
				CLANG_WARN__DUPLICATE_METHOD_MATCH = YES;
				COPY_PHASE_STRIP = NO;
				DEBUG_INFORMATION_FORMAT = dwarf;
				ENABLE_STRICT_OBJC_MSGSEND = YES;
				ENABLE_TESTABILITY = YES;
				GCC_C_LANGUAGE_STANDARD = gnu11;
				GCC_DYNAMIC_NO_PIC = NO;
				GCC_NO_COMMON_BLOCKS = YES;
				GCC_OPTIMIZATION_LEVEL = 0;
				GCC_PREPROCESSOR_DEFINITIONS = (
					"DEBUG=1",
					"$(inherited)",
				);
				GCC_WARN_64_TO_32_BIT_CONVERSION = YES;
				GCC_WARN_ABOUT_RETURN_TYPE = YES_ERROR;
				GCC_WARN_UNDECLARED_SELECTOR = YES;
				GCC_WARN_UNINITIALIZED_AUTOS = YES_AGGRESSIVE;
				GCC_WARN_UNUSED_FUNCTION = YES;
				GCC_WARN_UNUSED_VARIABLE = YES;
				IPHONEOS_DEPLOYMENT_TARGET = 13.4;
				MTL_ENABLE_DEBUG_INFO = INCLUDE_SOURCE;
				MTL_FAST_MATH = YES;
				ONLY_ACTIVE_ARCH = YES;
				SDKROOT = iphoneos;
				SWIFT_ACTIVE_COMPILATION_CONDITIONS = DEBUG;
				SWIFT_OPTIMIZATION_LEVEL = "-Onone";
			};
			name = Debug;
		};
		C95664902459BD1D00838B4A /* Release */ = {
			isa = XCBuildConfiguration;
			buildSettings = {
				ALWAYS_SEARCH_USER_PATHS = NO;
				CLANG_ANALYZER_NONNULL = YES;
				CLANG_ANALYZER_NUMBER_OBJECT_CONVERSION = YES_AGGRESSIVE;
				CLANG_CXX_LANGUAGE_STANDARD = "gnu++14";
				CLANG_CXX_LIBRARY = "libc++";
				CLANG_ENABLE_MODULES = YES;
				CLANG_ENABLE_OBJC_ARC = YES;
				CLANG_ENABLE_OBJC_WEAK = YES;
				CLANG_WARN_BLOCK_CAPTURE_AUTORELEASING = YES;
				CLANG_WARN_BOOL_CONVERSION = YES;
				CLANG_WARN_COMMA = YES;
				CLANG_WARN_CONSTANT_CONVERSION = YES;
				CLANG_WARN_DEPRECATED_OBJC_IMPLEMENTATIONS = YES;
				CLANG_WARN_DIRECT_OBJC_ISA_USAGE = YES_ERROR;
				CLANG_WARN_DOCUMENTATION_COMMENTS = YES;
				CLANG_WARN_EMPTY_BODY = YES;
				CLANG_WARN_ENUM_CONVERSION = YES;
				CLANG_WARN_INFINITE_RECURSION = YES;
				CLANG_WARN_INT_CONVERSION = YES;
				CLANG_WARN_NON_LITERAL_NULL_CONVERSION = YES;
				CLANG_WARN_OBJC_IMPLICIT_RETAIN_SELF = YES;
				CLANG_WARN_OBJC_LITERAL_CONVERSION = YES;
				CLANG_WARN_OBJC_ROOT_CLASS = YES_ERROR;
				CLANG_WARN_RANGE_LOOP_ANALYSIS = YES;
				CLANG_WARN_STRICT_PROTOTYPES = YES;
				CLANG_WARN_SUSPICIOUS_MOVE = YES;
				CLANG_WARN_UNGUARDED_AVAILABILITY = YES_AGGRESSIVE;
				CLANG_WARN_UNREACHABLE_CODE = YES;
				CLANG_WARN__DUPLICATE_METHOD_MATCH = YES;
				COPY_PHASE_STRIP = NO;
				DEBUG_INFORMATION_FORMAT = "dwarf-with-dsym";
				ENABLE_NS_ASSERTIONS = NO;
				ENABLE_STRICT_OBJC_MSGSEND = YES;
				GCC_C_LANGUAGE_STANDARD = gnu11;
				GCC_NO_COMMON_BLOCKS = YES;
				GCC_WARN_64_TO_32_BIT_CONVERSION = YES;
				GCC_WARN_ABOUT_RETURN_TYPE = YES_ERROR;
				GCC_WARN_UNDECLARED_SELECTOR = YES;
				GCC_WARN_UNINITIALIZED_AUTOS = YES_AGGRESSIVE;
				GCC_WARN_UNUSED_FUNCTION = YES;
				GCC_WARN_UNUSED_VARIABLE = YES;
				IPHONEOS_DEPLOYMENT_TARGET = 13.4;
				MTL_ENABLE_DEBUG_INFO = NO;
				MTL_FAST_MATH = YES;
				SDKROOT = iphoneos;
				SWIFT_COMPILATION_MODE = wholemodule;
				SWIFT_OPTIMIZATION_LEVEL = "-O";
				VALIDATE_PRODUCT = YES;
			};
			name = Release;
		};
		C95664922459BD1D00838B4A /* Debug */ = {
			isa = XCBuildConfiguration;
			baseConfigurationReference = 141BD5086C90FD1E7F54C93F /* Pods-PromiseKitExample.debug.xcconfig */;
			buildSettings = {
				ASSETCATALOG_COMPILER_APPICON_NAME = AppIcon;
				CODE_SIGN_STYLE = Automatic;
				DEVELOPMENT_TEAM = WL6ERJVJSX;
				INFOPLIST_FILE = PromiseKitExample/Supports/Info.plist;
				LD_RUNPATH_SEARCH_PATHS = (
					"$(inherited)",
					"@executable_path/Frameworks",
				);
				PRODUCT_BUNDLE_IDENTIFIER = com.demirciy.PromiseKitExample;
				PRODUCT_NAME = "$(TARGET_NAME)";
				SWIFT_VERSION = 5.0;
				TARGETED_DEVICE_FAMILY = "1,2";
			};
			name = Debug;
		};
		C95664932459BD1D00838B4A /* Release */ = {
			isa = XCBuildConfiguration;
			baseConfigurationReference = AA904969A7E45947CE9EEA8E /* Pods-PromiseKitExample.release.xcconfig */;
			buildSettings = {
				ASSETCATALOG_COMPILER_APPICON_NAME = AppIcon;
				CODE_SIGN_STYLE = Automatic;
				DEVELOPMENT_TEAM = WL6ERJVJSX;
				INFOPLIST_FILE = PromiseKitExample/Supports/Info.plist;
				LD_RUNPATH_SEARCH_PATHS = (
					"$(inherited)",
					"@executable_path/Frameworks",
				);
				PRODUCT_BUNDLE_IDENTIFIER = com.demirciy.PromiseKitExample;
				PRODUCT_NAME = "$(TARGET_NAME)";
				SWIFT_VERSION = 5.0;
				TARGETED_DEVICE_FAMILY = "1,2";
			};
			name = Release;
		};
/* End XCBuildConfiguration section */

/* Begin XCConfigurationList section */
		C95664782459BD1900838B4A /* Build configuration list for PBXProject "PromiseKitExample" */ = {
			isa = XCConfigurationList;
			buildConfigurations = (
				C956648F2459BD1D00838B4A /* Debug */,
				C95664902459BD1D00838B4A /* Release */,
			);
			defaultConfigurationIsVisible = 0;
			defaultConfigurationName = Release;
		};
		C95664912459BD1D00838B4A /* Build configuration list for PBXNativeTarget "PromiseKitExample" */ = {
			isa = XCConfigurationList;
			buildConfigurations = (
				C95664922459BD1D00838B4A /* Debug */,
				C95664932459BD1D00838B4A /* Release */,
			);
			defaultConfigurationIsVisible = 0;
			defaultConfigurationName = Release;
		};
/* End XCConfigurationList section */
	};
	rootObject = C95664752459BD1900838B4A /* Project object */;
}
